// !$*UTF8*$!
{
	archiveVersion = 1;
	classes = {
	};
	objectVersion = 56;
	objects = {

/* Begin PBXBuildFile section */
		6F04B762297B963C00B2B235 /* CoreDataManager.swift in Sources */ = {isa = PBXBuildFile; fileRef = 6F04B761297B963C00B2B235 /* CoreDataManager.swift */; };
		6F0957E8298840F50022AC56 /* Protocol-DefaultImplementation.swift in Sources */ = {isa = PBXBuildFile; fileRef = 6F0957E7298840F50022AC56 /* Protocol-DefaultImplementation.swift */; };
		6F0957EA298975770022AC56 /* ShareIntentVC.swift in Sources */ = {isa = PBXBuildFile; fileRef = 6F0957E9298975770022AC56 /* ShareIntentVC.swift */; };
		6F0BB9512978527A00B840C1 /* FRCPlayerAddVC.swift in Sources */ = {isa = PBXBuildFile; fileRef = 6F0BB9502978527A00B840C1 /* FRCPlayerAddVC.swift */; };
		6F0BB953297853A500B840C1 /* ThemeAddButton.swift in Sources */ = {isa = PBXBuildFile; fileRef = 6F0BB952297853A500B840C1 /* ThemeAddButton.swift */; };
		6F1F05F129B7C0DF001156A6 /* LayoutConstraintsExtension.swift in Sources */ = {isa = PBXBuildFile; fileRef = 6F1F05F029B7C0DF001156A6 /* LayoutConstraintsExtension.swift */; };
		6F25309429C4C23D00791D48 /* TransitionCollectionViewViewController.swift in Sources */ = {isa = PBXBuildFile; fileRef = 6F25309329C4C23D00791D48 /* TransitionCollectionViewViewController.swift */; };
		6F25309629C4C26700791D48 /* TransitionCollectionViewViewController2.swift in Sources */ = {isa = PBXBuildFile; fileRef = 6F25309529C4C26700791D48 /* TransitionCollectionViewViewController2.swift */; };
		6F25309829C4C2F500791D48 /* SampleTransitionImages.swift in Sources */ = {isa = PBXBuildFile; fileRef = 6F25309729C4C2F500791D48 /* SampleTransitionImages.swift */; };
		6F25309A29C4C52400791D48 /* ViewControllerTransitionManager.swift in Sources */ = {isa = PBXBuildFile; fileRef = 6F25309929C4C52400791D48 /* ViewControllerTransitionManager.swift */; };
		6F25309C29C4D14C00791D48 /* TransitionCollectionViewViewController3.swift in Sources */ = {isa = PBXBuildFile; fileRef = 6F25309B29C4D14C00791D48 /* TransitionCollectionViewViewController3.swift */; };
		6F2AEEAE29B114A300F7B892 /* BlankInitialVC.swift in Sources */ = {isa = PBXBuildFile; fileRef = 6F2AEEAD29B114A300F7B892 /* BlankInitialVC.swift */; };
		6F2EFB6D2973CD0D00FD5517 /* AppDelegate.swift in Sources */ = {isa = PBXBuildFile; fileRef = 6F2EFB6C2973CD0D00FD5517 /* AppDelegate.swift */; };
		6F2EFB6F2973CD0D00FD5517 /* SceneDelegate.swift in Sources */ = {isa = PBXBuildFile; fileRef = 6F2EFB6E2973CD0D00FD5517 /* SceneDelegate.swift */; };
		6F2EFB712973CD0D00FD5517 /* ViewController.swift in Sources */ = {isa = PBXBuildFile; fileRef = 6F2EFB702973CD0D00FD5517 /* ViewController.swift */; };
		6F2EFB742973CD0D00FD5517 /* Main.storyboard in Resources */ = {isa = PBXBuildFile; fileRef = 6F2EFB722973CD0D00FD5517 /* Main.storyboard */; };
		6F2EFB772973CD0D00FD5517 /* BuildFoundation.xcdatamodeld in Sources */ = {isa = PBXBuildFile; fileRef = 6F2EFB752973CD0D00FD5517 /* BuildFoundation.xcdatamodeld */; };
		6F2EFB792973CD0E00FD5517 /* Assets.xcassets in Resources */ = {isa = PBXBuildFile; fileRef = 6F2EFB782973CD0E00FD5517 /* Assets.xcassets */; };
		6F2EFB7C2973CD0E00FD5517 /* LaunchScreen.storyboard in Resources */ = {isa = PBXBuildFile; fileRef = 6F2EFB7A2973CD0E00FD5517 /* LaunchScreen.storyboard */; };
		6F2EFB872973CD0E00FD5517 /* BuildFoundationTests.swift in Sources */ = {isa = PBXBuildFile; fileRef = 6F2EFB862973CD0E00FD5517 /* BuildFoundationTests.swift */; };
		6F2EFB912973CD0E00FD5517 /* BuildFoundationUITests.swift in Sources */ = {isa = PBXBuildFile; fileRef = 6F2EFB902973CD0E00FD5517 /* BuildFoundationUITests.swift */; };
		6F2EFB932973CD0E00FD5517 /* BuildFoundationUITestsLaunchTests.swift in Sources */ = {isa = PBXBuildFile; fileRef = 6F2EFB922973CD0E00FD5517 /* BuildFoundationUITestsLaunchTests.swift */; };
		6F2EFBA02973CD6200FD5517 /* FrameVsBounds.swift in Sources */ = {isa = PBXBuildFile; fileRef = 6F2EFB9F2973CD6200FD5517 /* FrameVsBounds.swift */; };
		6F4551792997D13100731962 /* RouteVC.swift in Sources */ = {isa = PBXBuildFile; fileRef = 6F4551782997D13100731962 /* RouteVC.swift */; };
		6F607BED2999599000E39CDB /* CreateChatVC.swift in Sources */ = {isa = PBXBuildFile; fileRef = 6F607BEC2999599000E39CDB /* CreateChatVC.swift */; };
		6F607BF2299D4CAA00E39CDB /* FootballPlayer.swift in Sources */ = {isa = PBXBuildFile; fileRef = 6F607BF1299D4CAA00E39CDB /* FootballPlayer.swift */; };
		6F7B83AE298AD7570051B66C /* FRCTableVC2.swift in Sources */ = {isa = PBXBuildFile; fileRef = 6F7B83AD298AD7570051B66C /* FRCTableVC2.swift */; };
		6F7B83B0298ADDDD0051B66C /* CoreDataManager2.swift in Sources */ = {isa = PBXBuildFile; fileRef = 6F7B83AF298ADDDD0051B66C /* CoreDataManager2.swift */; };
		6F7B83B2298AE10B0051B66C /* AddDummyPlayerProtocol.swift in Sources */ = {isa = PBXBuildFile; fileRef = 6F7B83B1298AE10B0051B66C /* AddDummyPlayerProtocol.swift */; };
		6F800A0029A7A2FA001BA6BB /* CASpringAnimationTestVC.swift in Sources */ = {isa = PBXBuildFile; fileRef = 6F8009FF29A7A2FA001BA6BB /* CASpringAnimationTestVC.swift */; };
		6F81300129B26B8400988422 /* SimpleCustomUIComponentsSwift in Frameworks */ = {isa = PBXBuildFile; productRef = 6F81300029B26B8400988422 /* SimpleCustomUIComponentsSwift */; };
		6F883B8B29D0589F00114E53 /* TransitionReceiveVC2Animator.swift in Sources */ = {isa = PBXBuildFile; fileRef = 6F883B8A29D0589F00114E53 /* TransitionReceiveVC2Animator.swift */; };
		6F93ABFC299FF63100D56C21 /* UILayoutPriorityVC.swift in Sources */ = {isa = PBXBuildFile; fileRef = 6F93ABFB299FF63100D56C21 /* UILayoutPriorityVC.swift */; };
		6F940F2529CA0F9300F5A956 /* PlayerEntityListVC.swift in Sources */ = {isa = PBXBuildFile; fileRef = 6F940F2429CA0F9300F5A956 /* PlayerEntityListVC.swift */; };
		6F940F2729CA154000F5A956 /* MatchEntityListVC.swift in Sources */ = {isa = PBXBuildFile; fileRef = 6F940F2629CA154000F5A956 /* MatchEntityListVC.swift */; };
		6F940F2929CA162B00F5A956 /* MatchEntity.swift in Sources */ = {isa = PBXBuildFile; fileRef = 6F940F2829CA162B00F5A956 /* MatchEntity.swift */; };
		6F99FD6029BBA36000E00971 /* RestaurantBannerVC.swift in Sources */ = {isa = PBXBuildFile; fileRef = 6F99FD5F29BBA36000E00971 /* RestaurantBannerVC.swift */; };
		6FAB6BD92996AAF3009E0BB9 /* ShareViewController.swift in Sources */ = {isa = PBXBuildFile; fileRef = 6FAB6BD82996AAF3009E0BB9 /* ShareViewController.swift */; };
		6FAB6BDC2996AAF3009E0BB9 /* MainInterface.storyboard in Resources */ = {isa = PBXBuildFile; fileRef = 6FAB6BDA2996AAF3009E0BB9 /* MainInterface.storyboard */; };
		6FAB6BE02996AAF3009E0BB9 /* buildFoundationShareExtension.appex in Embed Foundation Extensions */ = {isa = PBXBuildFile; fileRef = 6FAB6BD62996AAF3009E0BB9 /* buildFoundationShareExtension.appex */; settings = {ATTRIBUTES = (RemoveHeadersOnCopy, ); }; };
		6FAEC85429A5416000AC84CF /* arapalayamtosilaiman.gpx in Resources */ = {isa = PBXBuildFile; fileRef = 6FAEC85329A5416000AC84CF /* arapalayamtosilaiman.gpx */; };
		6FB7D9D629A26CAE009BD98E /* LocationNotificationScheduler.swift in Sources */ = {isa = PBXBuildFile; fileRef = 6FB7D9D329A26CAE009BD98E /* LocationNotificationScheduler.swift */; };
		6FB7D9D729A26CAE009BD98E /* LocationNotificationSchedulerDelegate.swift in Sources */ = {isa = PBXBuildFile; fileRef = 6FB7D9D429A26CAE009BD98E /* LocationNotificationSchedulerDelegate.swift */; };
		6FB7D9D829A26CAE009BD98E /* LocationNotificationInfo.swift in Sources */ = {isa = PBXBuildFile; fileRef = 6FB7D9D529A26CAE009BD98E /* LocationNotificationInfo.swift */; };
		6FC5F06429CF18ED00549170 /* TransitionReceiveVC2.swift in Sources */ = {isa = PBXBuildFile; fileRef = 6FC5F06329CF18ED00549170 /* TransitionReceiveVC2.swift */; };
		6FD1336A29BF903A00992979 /* InteractionUpdater.swift in Sources */ = {isa = PBXBuildFile; fileRef = 6FD1336929BF903A00992979 /* InteractionUpdater.swift */; };
		6FD225C429A13407001F4553 /* NotifyTravelTaskMapVC.swift in Sources */ = {isa = PBXBuildFile; fileRef = 6FD225C329A13407001F4553 /* NotifyTravelTaskMapVC.swift */; };
		6FD47AFD29CC926300D3854A /* TransitionReceiveVC.swift in Sources */ = {isa = PBXBuildFile; fileRef = 6FD47AFC29CC926300D3854A /* TransitionReceiveVC.swift */; };
		6FDCCB3429C1816F0021429C /* CheckCrashReportVC.swift in Sources */ = {isa = PBXBuildFile; fileRef = 6FDCCB3329C1816F0021429C /* CheckCrashReportVC.swift */; };
		6FDCCB3729C1C8350021429C /* Demo.sh in Resources */ = {isa = PBXBuildFile; fileRef = 6FDCCB3629C1C2440021429C /* Demo.sh */; };
		6FFC8F92297446BB00EF9D5C /* FRCTableVC.swift in Sources */ = {isa = PBXBuildFile; fileRef = 6FFC8F91297446BB00EF9D5C /* FRCTableVC.swift */; };
		6FFC8F942974479700EF9D5C /* FRCTableCell.swift in Sources */ = {isa = PBXBuildFile; fileRef = 6FFC8F932974479700EF9D5C /* FRCTableCell.swift */; };
		6FFC8F962974536000EF9D5C /* PlayerEntity.swift in Sources */ = {isa = PBXBuildFile; fileRef = 6FFC8F952974536000EF9D5C /* PlayerEntity.swift */; };
		6FFC8F9829746D1100EF9D5C /* AddPlayerVC.swift in Sources */ = {isa = PBXBuildFile; fileRef = 6FFC8F9729746D1100EF9D5C /* AddPlayerVC.swift */; };
/* End PBXBuildFile section */

/* Begin PBXContainerItemProxy section */
		6F2EFB832973CD0E00FD5517 /* PBXContainerItemProxy */ = {
			isa = PBXContainerItemProxy;
			containerPortal = 6F2EFB612973CD0D00FD5517 /* Project object */;
			proxyType = 1;
			remoteGlobalIDString = 6F2EFB682973CD0D00FD5517;
			remoteInfo = BuildFoundation;
		};
		6F2EFB8D2973CD0E00FD5517 /* PBXContainerItemProxy */ = {
			isa = PBXContainerItemProxy;
			containerPortal = 6F2EFB612973CD0D00FD5517 /* Project object */;
			proxyType = 1;
			remoteGlobalIDString = 6F2EFB682973CD0D00FD5517;
			remoteInfo = BuildFoundation;
		};
		6FAB6BDE2996AAF3009E0BB9 /* PBXContainerItemProxy */ = {
			isa = PBXContainerItemProxy;
			containerPortal = 6F2EFB612973CD0D00FD5517 /* Project object */;
			proxyType = 1;
			remoteGlobalIDString = 6FAB6BD52996AAF3009E0BB9;
			remoteInfo = buildFoundationShareExtension;
		};
/* End PBXContainerItemProxy section */

/* Begin PBXCopyFilesBuildPhase section */
		6FAB6BE12996AAF3009E0BB9 /* Embed Foundation Extensions */ = {
			isa = PBXCopyFilesBuildPhase;
			buildActionMask = 2147483647;
			dstPath = "";
			dstSubfolderSpec = 13;
			files = (
				6FAB6BE02996AAF3009E0BB9 /* buildFoundationShareExtension.appex in Embed Foundation Extensions */,
			);
			name = "Embed Foundation Extensions";
			runOnlyForDeploymentPostprocessing = 0;
		};
/* End PBXCopyFilesBuildPhase section */

/* Begin PBXFileReference section */
		6F04B761297B963C00B2B235 /* CoreDataManager.swift */ = {isa = PBXFileReference; lastKnownFileType = sourcecode.swift; path = CoreDataManager.swift; sourceTree = "<group>"; };
		6F0957E7298840F50022AC56 /* Protocol-DefaultImplementation.swift */ = {isa = PBXFileReference; lastKnownFileType = sourcecode.swift; path = "Protocol-DefaultImplementation.swift"; sourceTree = "<group>"; };
		6F0957E9298975770022AC56 /* ShareIntentVC.swift */ = {isa = PBXFileReference; lastKnownFileType = sourcecode.swift; path = ShareIntentVC.swift; sourceTree = "<group>"; };
		6F0BB9502978527A00B840C1 /* FRCPlayerAddVC.swift */ = {isa = PBXFileReference; lastKnownFileType = sourcecode.swift; path = FRCPlayerAddVC.swift; sourceTree = "<group>"; };
		6F0BB952297853A500B840C1 /* ThemeAddButton.swift */ = {isa = PBXFileReference; lastKnownFileType = sourcecode.swift; path = ThemeAddButton.swift; sourceTree = "<group>"; };
		6F1F05F029B7C0DF001156A6 /* LayoutConstraintsExtension.swift */ = {isa = PBXFileReference; lastKnownFileType = sourcecode.swift; path = LayoutConstraintsExtension.swift; sourceTree = "<group>"; };
		6F25309329C4C23D00791D48 /* TransitionCollectionViewViewController.swift */ = {isa = PBXFileReference; lastKnownFileType = sourcecode.swift; path = TransitionCollectionViewViewController.swift; sourceTree = "<group>"; };
		6F25309529C4C26700791D48 /* TransitionCollectionViewViewController2.swift */ = {isa = PBXFileReference; lastKnownFileType = sourcecode.swift; path = TransitionCollectionViewViewController2.swift; sourceTree = "<group>"; };
		6F25309729C4C2F500791D48 /* SampleTransitionImages.swift */ = {isa = PBXFileReference; lastKnownFileType = sourcecode.swift; path = SampleTransitionImages.swift; sourceTree = "<group>"; };
		6F25309929C4C52400791D48 /* ViewControllerTransitionManager.swift */ = {isa = PBXFileReference; lastKnownFileType = sourcecode.swift; path = ViewControllerTransitionManager.swift; sourceTree = "<group>"; };
		6F25309B29C4D14C00791D48 /* TransitionCollectionViewViewController3.swift */ = {isa = PBXFileReference; lastKnownFileType = sourcecode.swift; path = TransitionCollectionViewViewController3.swift; sourceTree = "<group>"; };
		6F2AEEAD29B114A300F7B892 /* BlankInitialVC.swift */ = {isa = PBXFileReference; lastKnownFileType = sourcecode.swift; path = BlankInitialVC.swift; sourceTree = "<group>"; };
		6F2EFB692973CD0D00FD5517 /* BuildFoundation.app */ = {isa = PBXFileReference; explicitFileType = wrapper.application; includeInIndex = 0; path = BuildFoundation.app; sourceTree = BUILT_PRODUCTS_DIR; };
		6F2EFB6C2973CD0D00FD5517 /* AppDelegate.swift */ = {isa = PBXFileReference; lastKnownFileType = sourcecode.swift; path = AppDelegate.swift; sourceTree = "<group>"; };
		6F2EFB6E2973CD0D00FD5517 /* SceneDelegate.swift */ = {isa = PBXFileReference; lastKnownFileType = sourcecode.swift; path = SceneDelegate.swift; sourceTree = "<group>"; };
		6F2EFB702973CD0D00FD5517 /* ViewController.swift */ = {isa = PBXFileReference; lastKnownFileType = sourcecode.swift; path = ViewController.swift; sourceTree = "<group>"; };
		6F2EFB732973CD0D00FD5517 /* Base */ = {isa = PBXFileReference; lastKnownFileType = file.storyboard; name = Base; path = Base.lproj/Main.storyboard; sourceTree = "<group>"; };
		6F2EFB762973CD0D00FD5517 /* BuildFoundation.xcdatamodel */ = {isa = PBXFileReference; lastKnownFileType = wrapper.xcdatamodel; path = BuildFoundation.xcdatamodel; sourceTree = "<group>"; };
		6F2EFB782973CD0E00FD5517 /* Assets.xcassets */ = {isa = PBXFileReference; lastKnownFileType = folder.assetcatalog; path = Assets.xcassets; sourceTree = "<group>"; };
		6F2EFB7B2973CD0E00FD5517 /* Base */ = {isa = PBXFileReference; lastKnownFileType = file.storyboard; name = Base; path = Base.lproj/LaunchScreen.storyboard; sourceTree = "<group>"; };
		6F2EFB7D2973CD0E00FD5517 /* Info.plist */ = {isa = PBXFileReference; lastKnownFileType = text.plist.xml; path = Info.plist; sourceTree = "<group>"; };
		6F2EFB822973CD0E00FD5517 /* BuildFoundationTests.xctest */ = {isa = PBXFileReference; explicitFileType = wrapper.cfbundle; includeInIndex = 0; path = BuildFoundationTests.xctest; sourceTree = BUILT_PRODUCTS_DIR; };
		6F2EFB862973CD0E00FD5517 /* BuildFoundationTests.swift */ = {isa = PBXFileReference; lastKnownFileType = sourcecode.swift; path = BuildFoundationTests.swift; sourceTree = "<group>"; };
		6F2EFB8C2973CD0E00FD5517 /* BuildFoundationUITests.xctest */ = {isa = PBXFileReference; explicitFileType = wrapper.cfbundle; includeInIndex = 0; path = BuildFoundationUITests.xctest; sourceTree = BUILT_PRODUCTS_DIR; };
		6F2EFB902973CD0E00FD5517 /* BuildFoundationUITests.swift */ = {isa = PBXFileReference; lastKnownFileType = sourcecode.swift; path = BuildFoundationUITests.swift; sourceTree = "<group>"; };
		6F2EFB922973CD0E00FD5517 /* BuildFoundationUITestsLaunchTests.swift */ = {isa = PBXFileReference; lastKnownFileType = sourcecode.swift; path = BuildFoundationUITestsLaunchTests.swift; sourceTree = "<group>"; };
		6F2EFB9F2973CD6200FD5517 /* FrameVsBounds.swift */ = {isa = PBXFileReference; lastKnownFileType = sourcecode.swift; path = FrameVsBounds.swift; sourceTree = "<group>"; };
		6F4551782997D13100731962 /* RouteVC.swift */ = {isa = PBXFileReference; lastKnownFileType = sourcecode.swift; path = RouteVC.swift; sourceTree = "<group>"; };
		6F607BEC2999599000E39CDB /* CreateChatVC.swift */ = {isa = PBXFileReference; lastKnownFileType = sourcecode.swift; path = CreateChatVC.swift; sourceTree = "<group>"; };
		6F607BF1299D4CAA00E39CDB /* FootballPlayer.swift */ = {isa = PBXFileReference; lastKnownFileType = sourcecode.swift; path = FootballPlayer.swift; sourceTree = "<group>"; };
		6F7B83AD298AD7570051B66C /* FRCTableVC2.swift */ = {isa = PBXFileReference; lastKnownFileType = sourcecode.swift; path = FRCTableVC2.swift; sourceTree = "<group>"; };
		6F7B83AF298ADDDD0051B66C /* CoreDataManager2.swift */ = {isa = PBXFileReference; lastKnownFileType = sourcecode.swift; path = CoreDataManager2.swift; sourceTree = "<group>"; };
		6F7B83B1298AE10B0051B66C /* AddDummyPlayerProtocol.swift */ = {isa = PBXFileReference; lastKnownFileType = sourcecode.swift; path = AddDummyPlayerProtocol.swift; sourceTree = "<group>"; };
		6F8009FF29A7A2FA001BA6BB /* CASpringAnimationTestVC.swift */ = {isa = PBXFileReference; lastKnownFileType = sourcecode.swift; path = CASpringAnimationTestVC.swift; sourceTree = "<group>"; };
		6F883B8A29D0589F00114E53 /* TransitionReceiveVC2Animator.swift */ = {isa = PBXFileReference; lastKnownFileType = sourcecode.swift; path = TransitionReceiveVC2Animator.swift; sourceTree = "<group>"; };
		6F93ABFB299FF63100D56C21 /* UILayoutPriorityVC.swift */ = {isa = PBXFileReference; lastKnownFileType = sourcecode.swift; path = UILayoutPriorityVC.swift; sourceTree = "<group>"; };
		6F940F2429CA0F9300F5A956 /* PlayerEntityListVC.swift */ = {isa = PBXFileReference; lastKnownFileType = sourcecode.swift; path = PlayerEntityListVC.swift; sourceTree = "<group>"; };
		6F940F2629CA154000F5A956 /* MatchEntityListVC.swift */ = {isa = PBXFileReference; lastKnownFileType = sourcecode.swift; path = MatchEntityListVC.swift; sourceTree = "<group>"; };
		6F940F2829CA162B00F5A956 /* MatchEntity.swift */ = {isa = PBXFileReference; lastKnownFileType = sourcecode.swift; path = MatchEntity.swift; sourceTree = "<group>"; };
		6F99FD5F29BBA36000E00971 /* RestaurantBannerVC.swift */ = {isa = PBXFileReference; lastKnownFileType = sourcecode.swift; path = RestaurantBannerVC.swift; sourceTree = "<group>"; };
		6FAB6BD62996AAF3009E0BB9 /* buildFoundationShareExtension.appex */ = {isa = PBXFileReference; explicitFileType = "wrapper.app-extension"; includeInIndex = 0; path = buildFoundationShareExtension.appex; sourceTree = BUILT_PRODUCTS_DIR; };
		6FAB6BD82996AAF3009E0BB9 /* ShareViewController.swift */ = {isa = PBXFileReference; lastKnownFileType = sourcecode.swift; path = ShareViewController.swift; sourceTree = "<group>"; };
		6FAB6BDB2996AAF3009E0BB9 /* Base */ = {isa = PBXFileReference; lastKnownFileType = file.storyboard; name = Base; path = Base.lproj/MainInterface.storyboard; sourceTree = "<group>"; };
		6FAB6BDD2996AAF3009E0BB9 /* Info.plist */ = {isa = PBXFileReference; lastKnownFileType = text.plist.xml; path = Info.plist; sourceTree = "<group>"; };
		6FAEC85329A5416000AC84CF /* arapalayamtosilaiman.gpx */ = {isa = PBXFileReference; fileEncoding = 4; lastKnownFileType = text.xml; path = arapalayamtosilaiman.gpx; sourceTree = "<group>"; };
		6FB7D9D329A26CAE009BD98E /* LocationNotificationScheduler.swift */ = {isa = PBXFileReference; fileEncoding = 4; lastKnownFileType = sourcecode.swift; path = LocationNotificationScheduler.swift; sourceTree = "<group>"; };
		6FB7D9D429A26CAE009BD98E /* LocationNotificationSchedulerDelegate.swift */ = {isa = PBXFileReference; fileEncoding = 4; lastKnownFileType = sourcecode.swift; path = LocationNotificationSchedulerDelegate.swift; sourceTree = "<group>"; };
		6FB7D9D529A26CAE009BD98E /* LocationNotificationInfo.swift */ = {isa = PBXFileReference; fileEncoding = 4; lastKnownFileType = sourcecode.swift; path = LocationNotificationInfo.swift; sourceTree = "<group>"; };
		6FB7D9D929A28767009BD98E /* SimulatedLocations.gpx */ = {isa = PBXFileReference; lastKnownFileType = text.xml; path = SimulatedLocations.gpx; sourceTree = "<group>"; };
		6FC5F06329CF18ED00549170 /* TransitionReceiveVC2.swift */ = {isa = PBXFileReference; lastKnownFileType = sourcecode.swift; path = TransitionReceiveVC2.swift; sourceTree = "<group>"; };
		6FD1336929BF903A00992979 /* InteractionUpdater.swift */ = {isa = PBXFileReference; lastKnownFileType = sourcecode.swift; path = InteractionUpdater.swift; sourceTree = "<group>"; };
		6FD225C329A13407001F4553 /* NotifyTravelTaskMapVC.swift */ = {isa = PBXFileReference; lastKnownFileType = sourcecode.swift; path = NotifyTravelTaskMapVC.swift; sourceTree = "<group>"; };
		6FD47AFC29CC926300D3854A /* TransitionReceiveVC.swift */ = {isa = PBXFileReference; lastKnownFileType = sourcecode.swift; path = TransitionReceiveVC.swift; sourceTree = "<group>"; };
		6FDCCB3329C1816F0021429C /* CheckCrashReportVC.swift */ = {isa = PBXFileReference; lastKnownFileType = sourcecode.swift; path = CheckCrashReportVC.swift; sourceTree = "<group>"; };
		6FDCCB3629C1C2440021429C /* Demo.sh */ = {isa = PBXFileReference; lastKnownFileType = text.script.sh; path = Demo.sh; sourceTree = "<group>"; };
		6FFC8F91297446BB00EF9D5C /* FRCTableVC.swift */ = {isa = PBXFileReference; lastKnownFileType = sourcecode.swift; path = FRCTableVC.swift; sourceTree = "<group>"; };
		6FFC8F932974479700EF9D5C /* FRCTableCell.swift */ = {isa = PBXFileReference; lastKnownFileType = sourcecode.swift; path = FRCTableCell.swift; sourceTree = "<group>"; };
		6FFC8F952974536000EF9D5C /* PlayerEntity.swift */ = {isa = PBXFileReference; lastKnownFileType = sourcecode.swift; path = PlayerEntity.swift; sourceTree = "<group>"; };
		6FFC8F9729746D1100EF9D5C /* AddPlayerVC.swift */ = {isa = PBXFileReference; lastKnownFileType = sourcecode.swift; path = AddPlayerVC.swift; sourceTree = "<group>"; };
/* End PBXFileReference section */

/* Begin PBXFrameworksBuildPhase section */
		6F2EFB662973CD0D00FD5517 /* Frameworks */ = {
			isa = PBXFrameworksBuildPhase;
			buildActionMask = 2147483647;
			files = (
				6F81300129B26B8400988422 /* SimpleCustomUIComponentsSwift in Frameworks */,
			);
			runOnlyForDeploymentPostprocessing = 0;
		};
		6F2EFB7F2973CD0E00FD5517 /* Frameworks */ = {
			isa = PBXFrameworksBuildPhase;
			buildActionMask = 2147483647;
			files = (
			);
			runOnlyForDeploymentPostprocessing = 0;
		};
		6F2EFB892973CD0E00FD5517 /* Frameworks */ = {
			isa = PBXFrameworksBuildPhase;
			buildActionMask = 2147483647;
			files = (
			);
			runOnlyForDeploymentPostprocessing = 0;
		};
		6FAB6BD32996AAF3009E0BB9 /* Frameworks */ = {
			isa = PBXFrameworksBuildPhase;
			buildActionMask = 2147483647;
			files = (
			);
			runOnlyForDeploymentPostprocessing = 0;
		};
/* End PBXFrameworksBuildPhase section */

/* Begin PBXGroup section */
		6F1F05EF29B7BF36001156A6 /* Extensions */ = {
			isa = PBXGroup;
			children = (
				6F1F05F029B7C0DF001156A6 /* LayoutConstraintsExtension.swift */,
			);
			path = Extensions;
			sourceTree = "<group>";
		};
		6F25309229C4C1CC00791D48 /* ViewControllerTransition */ = {
			isa = PBXGroup;
			children = (
				6F25309329C4C23D00791D48 /* TransitionCollectionViewViewController.swift */,
				6F25309529C4C26700791D48 /* TransitionCollectionViewViewController2.swift */,
				6F25309B29C4D14C00791D48 /* TransitionCollectionViewViewController3.swift */,
				6FD47AFC29CC926300D3854A /* TransitionReceiveVC.swift */,
				6FC5F06329CF18ED00549170 /* TransitionReceiveVC2.swift */,
				6F883B8A29D0589F00114E53 /* TransitionReceiveVC2Animator.swift */,
				6F25309729C4C2F500791D48 /* SampleTransitionImages.swift */,
				6F25309929C4C52400791D48 /* ViewControllerTransitionManager.swift */,
			);
			path = ViewControllerTransition;
			sourceTree = "<group>";
		};
		6F2AEEB029B1180800F7B892 /* Packages */ = {
			isa = PBXGroup;
			children = (
			);
			name = Packages;
			sourceTree = "<group>";
		};
		6F2EFB602973CD0D00FD5517 = {
			isa = PBXGroup;
			children = (
				6F2AEEB029B1180800F7B892 /* Packages */,
				6F2EFB6B2973CD0D00FD5517 /* BuildFoundation */,
				6F2EFB852973CD0E00FD5517 /* BuildFoundationTests */,
				6F2EFB8F2973CD0E00FD5517 /* BuildFoundationUITests */,
				6FAB6BD72996AAF3009E0BB9 /* buildFoundationShareExtension */,
				6F2EFB6A2973CD0D00FD5517 /* Products */,
			);
			sourceTree = "<group>";
		};
		6F2EFB6A2973CD0D00FD5517 /* Products */ = {
			isa = PBXGroup;
			children = (
				6F2EFB692973CD0D00FD5517 /* BuildFoundation.app */,
				6F2EFB822973CD0E00FD5517 /* BuildFoundationTests.xctest */,
				6F2EFB8C2973CD0E00FD5517 /* BuildFoundationUITests.xctest */,
				6FAB6BD62996AAF3009E0BB9 /* buildFoundationShareExtension.appex */,
			);
			name = Products;
			sourceTree = "<group>";
		};
		6F2EFB6B2973CD0D00FD5517 /* BuildFoundation */ = {
			isa = PBXGroup;
			children = (
				6F2EFB6C2973CD0D00FD5517 /* AppDelegate.swift */,
				6F2EFB6E2973CD0D00FD5517 /* SceneDelegate.swift */,
				6F2EFB9F2973CD6200FD5517 /* FrameVsBounds.swift */,
				6F940F2329CA0F6A00F5A956 /* EntityRelation */,
				6FFC8F91297446BB00EF9D5C /* FRCTableVC.swift */,
				6FDCCB3629C1C2440021429C /* Demo.sh */,
				6F7B83AD298AD7570051B66C /* FRCTableVC2.swift */,
				6F1F05EF29B7BF36001156A6 /* Extensions */,
				6F2AEEAD29B114A300F7B892 /* BlankInitialVC.swift */,
				6F99FD5F29BBA36000E00971 /* RestaurantBannerVC.swift */,
				6F25309229C4C1CC00791D48 /* ViewControllerTransition */,
				6FDCCB3329C1816F0021429C /* CheckCrashReportVC.swift */,
				6FD1336929BF903A00992979 /* InteractionUpdater.swift */,
				6F7B83B1298AE10B0051B66C /* AddDummyPlayerProtocol.swift */,
				6FB7D9D929A28767009BD98E /* SimulatedLocations.gpx */,
				6FAEC85329A5416000AC84CF /* arapalayamtosilaiman.gpx */,
				6F0957E9298975770022AC56 /* ShareIntentVC.swift */,
				6F8009FF29A7A2FA001BA6BB /* CASpringAnimationTestVC.swift */,
				6F93ABFB299FF63100D56C21 /* UILayoutPriorityVC.swift */,
				6FB7D9D229A26C8A009BD98E /* NotifyTravelTask */,
				6F607BF1299D4CAA00E39CDB /* FootballPlayer.swift */,
				6F0957E7298840F50022AC56 /* Protocol-DefaultImplementation.swift */,
				6F04B761297B963C00B2B235 /* CoreDataManager.swift */,
				6F7B83AF298ADDDD0051B66C /* CoreDataManager2.swift */,
				6F0BB952297853A500B840C1 /* ThemeAddButton.swift */,
				6F0BB9502978527A00B840C1 /* FRCPlayerAddVC.swift */,
				6FFC8F9729746D1100EF9D5C /* AddPlayerVC.swift */,
				6FFC8F932974479700EF9D5C /* FRCTableCell.swift */,
				6F2EFB702973CD0D00FD5517 /* ViewController.swift */,
				6F2EFB722973CD0D00FD5517 /* Main.storyboard */,
				6F2EFB782973CD0E00FD5517 /* Assets.xcassets */,
				6F2EFB7A2973CD0E00FD5517 /* LaunchScreen.storyboard */,
				6F2EFB7D2973CD0E00FD5517 /* Info.plist */,
				6F2EFB752973CD0D00FD5517 /* BuildFoundation.xcdatamodeld */,
				6FFC8F952974536000EF9D5C /* PlayerEntity.swift */,
				6F940F2829CA162B00F5A956 /* MatchEntity.swift */,
			);
			path = BuildFoundation;
			sourceTree = "<group>";
		};
		6F2EFB852973CD0E00FD5517 /* BuildFoundationTests */ = {
			isa = PBXGroup;
			children = (
				6F2EFB862973CD0E00FD5517 /* BuildFoundationTests.swift */,
			);
			path = BuildFoundationTests;
			sourceTree = "<group>";
		};
		6F2EFB8F2973CD0E00FD5517 /* BuildFoundationUITests */ = {
			isa = PBXGroup;
			children = (
				6F2EFB902973CD0E00FD5517 /* BuildFoundationUITests.swift */,
				6F2EFB922973CD0E00FD5517 /* BuildFoundationUITestsLaunchTests.swift */,
			);
			path = BuildFoundationUITests;
			sourceTree = "<group>";
		};
		6F940F2329CA0F6A00F5A956 /* EntityRelation */ = {
			isa = PBXGroup;
			children = (
				6F940F2429CA0F9300F5A956 /* PlayerEntityListVC.swift */,
				6F940F2629CA154000F5A956 /* MatchEntityListVC.swift */,
			);
			path = EntityRelation;
			sourceTree = "<group>";
		};
		6FAB6BD72996AAF3009E0BB9 /* buildFoundationShareExtension */ = {
			isa = PBXGroup;
			children = (
				6FAB6BD82996AAF3009E0BB9 /* ShareViewController.swift */,
				6FAB6BDA2996AAF3009E0BB9 /* MainInterface.storyboard */,
				6F4551782997D13100731962 /* RouteVC.swift */,
				6F607BEC2999599000E39CDB /* CreateChatVC.swift */,
				6FAB6BDD2996AAF3009E0BB9 /* Info.plist */,
			);
			path = buildFoundationShareExtension;
			sourceTree = "<group>";
		};
		6FB7D9D229A26C8A009BD98E /* NotifyTravelTask */ = {
			isa = PBXGroup;
			children = (
				6FD225C329A13407001F4553 /* NotifyTravelTaskMapVC.swift */,
				6FB7D9D529A26CAE009BD98E /* LocationNotificationInfo.swift */,
				6FB7D9D329A26CAE009BD98E /* LocationNotificationScheduler.swift */,
				6FB7D9D429A26CAE009BD98E /* LocationNotificationSchedulerDelegate.swift */,
			);
			path = NotifyTravelTask;
			sourceTree = "<group>";
		};
/* End PBXGroup section */

/* Begin PBXNativeTarget section */
		6F2EFB682973CD0D00FD5517 /* BuildFoundation */ = {
			isa = PBXNativeTarget;
			buildConfigurationList = 6F2EFB962973CD0E00FD5517 /* Build configuration list for PBXNativeTarget "BuildFoundation" */;
			buildPhases = (
				6F2EFB652973CD0D00FD5517 /* Sources */,
				6F2EFB662973CD0D00FD5517 /* Frameworks */,
				6F2EFB672973CD0D00FD5517 /* Resources */,
				6FAB6BE12996AAF3009E0BB9 /* Embed Foundation Extensions */,
				6FDCCB3529C1C2050021429C /* Demonstrating Run Script */,
			);
			buildRules = (
			);
			dependencies = (
				6FAB6BDF2996AAF3009E0BB9 /* PBXTargetDependency */,
			);
			name = BuildFoundation;
			packageProductDependencies = (
				6F81300029B26B8400988422 /* SimpleCustomUIComponentsSwift */,
			);
			productName = BuildFoundation;
			productReference = 6F2EFB692973CD0D00FD5517 /* BuildFoundation.app */;
			productType = "com.apple.product-type.application";
		};
		6F2EFB812973CD0E00FD5517 /* BuildFoundationTests */ = {
			isa = PBXNativeTarget;
			buildConfigurationList = 6F2EFB992973CD0E00FD5517 /* Build configuration list for PBXNativeTarget "BuildFoundationTests" */;
			buildPhases = (
				6F2EFB7E2973CD0E00FD5517 /* Sources */,
				6F2EFB7F2973CD0E00FD5517 /* Frameworks */,
				6F2EFB802973CD0E00FD5517 /* Resources */,
			);
			buildRules = (
			);
			dependencies = (
				6F2EFB842973CD0E00FD5517 /* PBXTargetDependency */,
			);
			name = BuildFoundationTests;
			productName = BuildFoundationTests;
			productReference = 6F2EFB822973CD0E00FD5517 /* BuildFoundationTests.xctest */;
			productType = "com.apple.product-type.bundle.unit-test";
		};
		6F2EFB8B2973CD0E00FD5517 /* BuildFoundationUITests */ = {
			isa = PBXNativeTarget;
			buildConfigurationList = 6F2EFB9C2973CD0E00FD5517 /* Build configuration list for PBXNativeTarget "BuildFoundationUITests" */;
			buildPhases = (
				6F2EFB882973CD0E00FD5517 /* Sources */,
				6F2EFB892973CD0E00FD5517 /* Frameworks */,
				6F2EFB8A2973CD0E00FD5517 /* Resources */,
			);
			buildRules = (
			);
			dependencies = (
				6F2EFB8E2973CD0E00FD5517 /* PBXTargetDependency */,
			);
			name = BuildFoundationUITests;
			productName = BuildFoundationUITests;
			productReference = 6F2EFB8C2973CD0E00FD5517 /* BuildFoundationUITests.xctest */;
			productType = "com.apple.product-type.bundle.ui-testing";
		};
		6FAB6BD52996AAF3009E0BB9 /* buildFoundationShareExtension */ = {
			isa = PBXNativeTarget;
			buildConfigurationList = 6FAB6BE42996AAF3009E0BB9 /* Build configuration list for PBXNativeTarget "buildFoundationShareExtension" */;
			buildPhases = (
				6FAB6BD22996AAF3009E0BB9 /* Sources */,
				6FAB6BD32996AAF3009E0BB9 /* Frameworks */,
				6FAB6BD42996AAF3009E0BB9 /* Resources */,
			);
			buildRules = (
			);
			dependencies = (
			);
			name = buildFoundationShareExtension;
			productName = buildFoundationShareExtension;
			productReference = 6FAB6BD62996AAF3009E0BB9 /* buildFoundationShareExtension.appex */;
			productType = "com.apple.product-type.app-extension";
		};
/* End PBXNativeTarget section */

/* Begin PBXProject section */
		6F2EFB612973CD0D00FD5517 /* Project object */ = {
			isa = PBXProject;
			attributes = {
				BuildIndependentTargetsInParallel = 1;
				LastSwiftUpdateCheck = 1420;
				LastUpgradeCheck = 1420;
				TargetAttributes = {
					6F2EFB682973CD0D00FD5517 = {
						CreatedOnToolsVersion = 14.2;
					};
					6F2EFB812973CD0E00FD5517 = {
						CreatedOnToolsVersion = 14.2;
						TestTargetID = 6F2EFB682973CD0D00FD5517;
					};
					6F2EFB8B2973CD0E00FD5517 = {
						CreatedOnToolsVersion = 14.2;
						TestTargetID = 6F2EFB682973CD0D00FD5517;
					};
					6FAB6BD52996AAF3009E0BB9 = {
						CreatedOnToolsVersion = 14.2;
					};
				};
			};
			buildConfigurationList = 6F2EFB642973CD0D00FD5517 /* Build configuration list for PBXProject "BuildFoundation" */;
			compatibilityVersion = "Xcode 14.0";
			developmentRegion = en;
			hasScannedForEncodings = 0;
			knownRegions = (
				en,
				Base,
			);
			mainGroup = 6F2EFB602973CD0D00FD5517;
			packageReferences = (
				6F812FFF29B26B8400988422 /* XCRemoteSwiftPackageReference "SimpleCustomUIComponentsSwift" */,
			);
			productRefGroup = 6F2EFB6A2973CD0D00FD5517 /* Products */;
			projectDirPath = "";
			projectRoot = "";
			targets = (
				6F2EFB682973CD0D00FD5517 /* BuildFoundation */,
				6F2EFB812973CD0E00FD5517 /* BuildFoundationTests */,
				6F2EFB8B2973CD0E00FD5517 /* BuildFoundationUITests */,
				6FAB6BD52996AAF3009E0BB9 /* buildFoundationShareExtension */,
			);
		};
/* End PBXProject section */

/* Begin PBXResourcesBuildPhase section */
		6F2EFB672973CD0D00FD5517 /* Resources */ = {
			isa = PBXResourcesBuildPhase;
			buildActionMask = 2147483647;
			files = (
				6F2EFB7C2973CD0E00FD5517 /* LaunchScreen.storyboard in Resources */,
				6FDCCB3729C1C8350021429C /* Demo.sh in Resources */,
				6F2EFB792973CD0E00FD5517 /* Assets.xcassets in Resources */,
				6F2EFB742973CD0D00FD5517 /* Main.storyboard in Resources */,
				6FAEC85429A5416000AC84CF /* arapalayamtosilaiman.gpx in Resources */,
			);
			runOnlyForDeploymentPostprocessing = 0;
		};
		6F2EFB802973CD0E00FD5517 /* Resources */ = {
			isa = PBXResourcesBuildPhase;
			buildActionMask = 2147483647;
			files = (
			);
			runOnlyForDeploymentPostprocessing = 0;
		};
		6F2EFB8A2973CD0E00FD5517 /* Resources */ = {
			isa = PBXResourcesBuildPhase;
			buildActionMask = 2147483647;
			files = (
			);
			runOnlyForDeploymentPostprocessing = 0;
		};
		6FAB6BD42996AAF3009E0BB9 /* Resources */ = {
			isa = PBXResourcesBuildPhase;
			buildActionMask = 2147483647;
			files = (
				6FAB6BDC2996AAF3009E0BB9 /* MainInterface.storyboard in Resources */,
			);
			runOnlyForDeploymentPostprocessing = 0;
		};
/* End PBXResourcesBuildPhase section */

/* Begin PBXShellScriptBuildPhase section */
		6FDCCB3529C1C2050021429C /* Demonstrating Run Script */ = {
			isa = PBXShellScriptBuildPhase;
			buildActionMask = 2147483647;
			files = (
			);
			inputFileListPaths = (
			);
			inputPaths = (
			);
			name = "Demonstrating Run Script";
			outputFileListPaths = (
			);
			outputPaths = (
			);
			runOnlyForDeploymentPostprocessing = 0;
			shellPath = /bin/sh;
			shellScript = "# Type a script or drag a script file from your workspace to insert its path.\nsh \"./BuildFoundation/Demo.sh\"\n";
		};
/* End PBXShellScriptBuildPhase section */

/* Begin PBXSourcesBuildPhase section */
		6F2EFB652973CD0D00FD5517 /* Sources */ = {
			isa = PBXSourcesBuildPhase;
			buildActionMask = 2147483647;
			files = (
				6F93ABFC299FF63100D56C21 /* UILayoutPriorityVC.swift in Sources */,
				6F940F2929CA162B00F5A956 /* MatchEntity.swift in Sources */,
				6F0BB953297853A500B840C1 /* ThemeAddButton.swift in Sources */,
				6F25309629C4C26700791D48 /* TransitionCollectionViewViewController2.swift in Sources */,
				6F7B83B0298ADDDD0051B66C /* CoreDataManager2.swift in Sources */,
				6F25309A29C4C52400791D48 /* ViewControllerTransitionManager.swift in Sources */,
				6F940F2729CA154000F5A956 /* MatchEntityListVC.swift in Sources */,
				6F2EFBA02973CD6200FD5517 /* FrameVsBounds.swift in Sources */,
				6F2AEEAE29B114A300F7B892 /* BlankInitialVC.swift in Sources */,
				6F2EFB712973CD0D00FD5517 /* ViewController.swift in Sources */,
				6FD47AFD29CC926300D3854A /* TransitionReceiveVC.swift in Sources */,
				6FB7D9D629A26CAE009BD98E /* LocationNotificationScheduler.swift in Sources */,
				6FC5F06429CF18ED00549170 /* TransitionReceiveVC2.swift in Sources */,
				6F0957E8298840F50022AC56 /* Protocol-DefaultImplementation.swift in Sources */,
				6FDCCB3429C1816F0021429C /* CheckCrashReportVC.swift in Sources */,
				6FFC8F942974479700EF9D5C /* FRCTableCell.swift in Sources */,
				6F7B83B2298AE10B0051B66C /* AddDummyPlayerProtocol.swift in Sources */,
				6F0BB9512978527A00B840C1 /* FRCPlayerAddVC.swift in Sources */,
				6FFC8F9829746D1100EF9D5C /* AddPlayerVC.swift in Sources */,
				6FD1336A29BF903A00992979 /* InteractionUpdater.swift in Sources */,
				6F25309C29C4D14C00791D48 /* TransitionCollectionViewViewController3.swift in Sources */,
				6F1F05F129B7C0DF001156A6 /* LayoutConstraintsExtension.swift in Sources */,
				6F7B83AE298AD7570051B66C /* FRCTableVC2.swift in Sources */,
				6F04B762297B963C00B2B235 /* CoreDataManager.swift in Sources */,
				6F607BF2299D4CAA00E39CDB /* FootballPlayer.swift in Sources */,
				6FFC8F92297446BB00EF9D5C /* FRCTableVC.swift in Sources */,
				6F2EFB6D2973CD0D00FD5517 /* AppDelegate.swift in Sources */,
				6F800A0029A7A2FA001BA6BB /* CASpringAnimationTestVC.swift in Sources */,
				6FD225C429A13407001F4553 /* NotifyTravelTaskMapVC.swift in Sources */,
				6F940F2529CA0F9300F5A956 /* PlayerEntityListVC.swift in Sources */,
				6F99FD6029BBA36000E00971 /* RestaurantBannerVC.swift in Sources */,
				6F2EFB6F2973CD0D00FD5517 /* SceneDelegate.swift in Sources */,
				6F2EFB772973CD0D00FD5517 /* BuildFoundation.xcdatamodeld in Sources */,
				6F25309829C4C2F500791D48 /* SampleTransitionImages.swift in Sources */,
				6F0957EA298975770022AC56 /* ShareIntentVC.swift in Sources */,
				6F25309429C4C23D00791D48 /* TransitionCollectionViewViewController.swift in Sources */,
				6FB7D9D729A26CAE009BD98E /* LocationNotificationSchedulerDelegate.swift in Sources */,
				6F883B8B29D0589F00114E53 /* TransitionReceiveVC2Animator.swift in Sources */,
				6FFC8F962974536000EF9D5C /* PlayerEntity.swift in Sources */,
				6FB7D9D829A26CAE009BD98E /* LocationNotificationInfo.swift in Sources */,
			);
			runOnlyForDeploymentPostprocessing = 0;
		};
		6F2EFB7E2973CD0E00FD5517 /* Sources */ = {
			isa = PBXSourcesBuildPhase;
			buildActionMask = 2147483647;
			files = (
				6F2EFB872973CD0E00FD5517 /* BuildFoundationTests.swift in Sources */,
			);
			runOnlyForDeploymentPostprocessing = 0;
		};
		6F2EFB882973CD0E00FD5517 /* Sources */ = {
			isa = PBXSourcesBuildPhase;
			buildActionMask = 2147483647;
			files = (
				6F2EFB932973CD0E00FD5517 /* BuildFoundationUITestsLaunchTests.swift in Sources */,
				6F2EFB912973CD0E00FD5517 /* BuildFoundationUITests.swift in Sources */,
			);
			runOnlyForDeploymentPostprocessing = 0;
		};
		6FAB6BD22996AAF3009E0BB9 /* Sources */ = {
			isa = PBXSourcesBuildPhase;
			buildActionMask = 2147483647;
			files = (
				6F4551792997D13100731962 /* RouteVC.swift in Sources */,
				6FAB6BD92996AAF3009E0BB9 /* ShareViewController.swift in Sources */,
				6F607BED2999599000E39CDB /* CreateChatVC.swift in Sources */,
			);
			runOnlyForDeploymentPostprocessing = 0;
		};
/* End PBXSourcesBuildPhase section */

/* Begin PBXTargetDependency section */
		6F2EFB842973CD0E00FD5517 /* PBXTargetDependency */ = {
			isa = PBXTargetDependency;
			target = 6F2EFB682973CD0D00FD5517 /* BuildFoundation */;
			targetProxy = 6F2EFB832973CD0E00FD5517 /* PBXContainerItemProxy */;
		};
		6F2EFB8E2973CD0E00FD5517 /* PBXTargetDependency */ = {
			isa = PBXTargetDependency;
			target = 6F2EFB682973CD0D00FD5517 /* BuildFoundation */;
			targetProxy = 6F2EFB8D2973CD0E00FD5517 /* PBXContainerItemProxy */;
		};
		6FAB6BDF2996AAF3009E0BB9 /* PBXTargetDependency */ = {
			isa = PBXTargetDependency;
			target = 6FAB6BD52996AAF3009E0BB9 /* buildFoundationShareExtension */;
			targetProxy = 6FAB6BDE2996AAF3009E0BB9 /* PBXContainerItemProxy */;
		};
/* End PBXTargetDependency section */

/* Begin PBXVariantGroup section */
		6F2EFB722973CD0D00FD5517 /* Main.storyboard */ = {
			isa = PBXVariantGroup;
			children = (
				6F2EFB732973CD0D00FD5517 /* Base */,
			);
			name = Main.storyboard;
			sourceTree = "<group>";
		};
		6F2EFB7A2973CD0E00FD5517 /* LaunchScreen.storyboard */ = {
			isa = PBXVariantGroup;
			children = (
				6F2EFB7B2973CD0E00FD5517 /* Base */,
			);
			name = LaunchScreen.storyboard;
			sourceTree = "<group>";
		};
		6FAB6BDA2996AAF3009E0BB9 /* MainInterface.storyboard */ = {
			isa = PBXVariantGroup;
			children = (
				6FAB6BDB2996AAF3009E0BB9 /* Base */,
			);
			name = MainInterface.storyboard;
			sourceTree = "<group>";
		};
/* End PBXVariantGroup section */

/* Begin XCBuildConfiguration section */
		6F2EFB942973CD0E00FD5517 /* Debug */ = {
			isa = XCBuildConfiguration;
			buildSettings = {
				ALWAYS_SEARCH_USER_PATHS = NO;
				CLANG_ANALYZER_NONNULL = YES;
				CLANG_ANALYZER_NUMBER_OBJECT_CONVERSION = YES_AGGRESSIVE;
				CLANG_CXX_LANGUAGE_STANDARD = "gnu++20";
				CLANG_ENABLE_MODULES = YES;
				CLANG_ENABLE_OBJC_ARC = YES;
				CLANG_ENABLE_OBJC_WEAK = YES;
				CLANG_WARN_BLOCK_CAPTURE_AUTORELEASING = YES;
				CLANG_WARN_BOOL_CONVERSION = YES;
				CLANG_WARN_COMMA = YES;
				CLANG_WARN_CONSTANT_CONVERSION = YES;
				CLANG_WARN_DEPRECATED_OBJC_IMPLEMENTATIONS = YES;
				CLANG_WARN_DIRECT_OBJC_ISA_USAGE = YES_ERROR;
				CLANG_WARN_DOCUMENTATION_COMMENTS = YES;
				CLANG_WARN_EMPTY_BODY = YES;
				CLANG_WARN_ENUM_CONVERSION = YES;
				CLANG_WARN_INFINITE_RECURSION = YES;
				CLANG_WARN_INT_CONVERSION = YES;
				CLANG_WARN_NON_LITERAL_NULL_CONVERSION = YES;
				CLANG_WARN_OBJC_IMPLICIT_RETAIN_SELF = YES;
				CLANG_WARN_OBJC_LITERAL_CONVERSION = YES;
				CLANG_WARN_OBJC_ROOT_CLASS = YES_ERROR;
				CLANG_WARN_QUOTED_INCLUDE_IN_FRAMEWORK_HEADER = YES;
				CLANG_WARN_RANGE_LOOP_ANALYSIS = YES;
				CLANG_WARN_STRICT_PROTOTYPES = YES;
				CLANG_WARN_SUSPICIOUS_MOVE = YES;
				CLANG_WARN_UNGUARDED_AVAILABILITY = YES_AGGRESSIVE;
				CLANG_WARN_UNREACHABLE_CODE = YES;
				CLANG_WARN__DUPLICATE_METHOD_MATCH = YES;
				COPY_PHASE_STRIP = NO;
				DEBUG_INFORMATION_FORMAT = dwarf;
				ENABLE_STRICT_OBJC_MSGSEND = YES;
				ENABLE_TESTABILITY = YES;
				GCC_C_LANGUAGE_STANDARD = gnu11;
				GCC_DYNAMIC_NO_PIC = NO;
				GCC_NO_COMMON_BLOCKS = YES;
				GCC_OPTIMIZATION_LEVEL = 0;
				GCC_PREPROCESSOR_DEFINITIONS = (
					"DEBUG=1",
					"$(inherited)",
				);
				GCC_WARN_64_TO_32_BIT_CONVERSION = YES;
				GCC_WARN_ABOUT_RETURN_TYPE = YES_ERROR;
				GCC_WARN_UNDECLARED_SELECTOR = YES;
				GCC_WARN_UNINITIALIZED_AUTOS = YES_AGGRESSIVE;
				GCC_WARN_UNUSED_FUNCTION = YES;
				GCC_WARN_UNUSED_VARIABLE = YES;
				IPHONEOS_DEPLOYMENT_TARGET = 12.1;
				MTL_ENABLE_DEBUG_INFO = INCLUDE_SOURCE;
				MTL_FAST_MATH = YES;
				ONLY_ACTIVE_ARCH = YES;
				SDKROOT = iphoneos;
				SWIFT_ACTIVE_COMPILATION_CONDITIONS = DEBUG;
				SWIFT_OPTIMIZATION_LEVEL = "-Onone";
			};
			name = Debug;
		};
		6F2EFB952973CD0E00FD5517 /* Release */ = {
			isa = XCBuildConfiguration;
			buildSettings = {
				ALWAYS_SEARCH_USER_PATHS = NO;
				CLANG_ANALYZER_NONNULL = YES;
				CLANG_ANALYZER_NUMBER_OBJECT_CONVERSION = YES_AGGRESSIVE;
				CLANG_CXX_LANGUAGE_STANDARD = "gnu++20";
				CLANG_ENABLE_MODULES = YES;
				CLANG_ENABLE_OBJC_ARC = YES;
				CLANG_ENABLE_OBJC_WEAK = YES;
				CLANG_WARN_BLOCK_CAPTURE_AUTORELEASING = YES;
				CLANG_WARN_BOOL_CONVERSION = YES;
				CLANG_WARN_COMMA = YES;
				CLANG_WARN_CONSTANT_CONVERSION = YES;
				CLANG_WARN_DEPRECATED_OBJC_IMPLEMENTATIONS = YES;
				CLANG_WARN_DIRECT_OBJC_ISA_USAGE = YES_ERROR;
				CLANG_WARN_DOCUMENTATION_COMMENTS = YES;
				CLANG_WARN_EMPTY_BODY = YES;
				CLANG_WARN_ENUM_CONVERSION = YES;
				CLANG_WARN_INFINITE_RECURSION = YES;
				CLANG_WARN_INT_CONVERSION = YES;
				CLANG_WARN_NON_LITERAL_NULL_CONVERSION = YES;
				CLANG_WARN_OBJC_IMPLICIT_RETAIN_SELF = YES;
				CLANG_WARN_OBJC_LITERAL_CONVERSION = YES;
				CLANG_WARN_OBJC_ROOT_CLASS = YES_ERROR;
				CLANG_WARN_QUOTED_INCLUDE_IN_FRAMEWORK_HEADER = YES;
				CLANG_WARN_RANGE_LOOP_ANALYSIS = YES;
				CLANG_WARN_STRICT_PROTOTYPES = YES;
				CLANG_WARN_SUSPICIOUS_MOVE = YES;
				CLANG_WARN_UNGUARDED_AVAILABILITY = YES_AGGRESSIVE;
				CLANG_WARN_UNREACHABLE_CODE = YES;
				CLANG_WARN__DUPLICATE_METHOD_MATCH = YES;
				COPY_PHASE_STRIP = NO;
				DEBUG_INFORMATION_FORMAT = "dwarf-with-dsym";
				ENABLE_NS_ASSERTIONS = NO;
				ENABLE_STRICT_OBJC_MSGSEND = YES;
				GCC_C_LANGUAGE_STANDARD = gnu11;
				GCC_NO_COMMON_BLOCKS = YES;
				GCC_WARN_64_TO_32_BIT_CONVERSION = YES;
				GCC_WARN_ABOUT_RETURN_TYPE = YES_ERROR;
				GCC_WARN_UNDECLARED_SELECTOR = YES;
				GCC_WARN_UNINITIALIZED_AUTOS = YES_AGGRESSIVE;
				GCC_WARN_UNUSED_FUNCTION = YES;
				GCC_WARN_UNUSED_VARIABLE = YES;
				IPHONEOS_DEPLOYMENT_TARGET = 12.1;
				MTL_ENABLE_DEBUG_INFO = NO;
				MTL_FAST_MATH = YES;
				SDKROOT = iphoneos;
				SWIFT_COMPILATION_MODE = wholemodule;
				SWIFT_OPTIMIZATION_LEVEL = "-O";
				VALIDATE_PRODUCT = YES;
			};
			name = Release;
		};
		6F2EFB972973CD0E00FD5517 /* Debug */ = {
			isa = XCBuildConfiguration;
			buildSettings = {
				ALWAYS_EMBED_SWIFT_STANDARD_LIBRARIES = YES;
				ASSETCATALOG_COMPILER_APPICON_NAME = AppIcon;
				ASSETCATALOG_COMPILER_GLOBAL_ACCENT_COLOR_NAME = AccentColor;
				CODE_SIGN_STYLE = Automatic;
				CURRENT_PROJECT_VERSION = 1;
				DEBUG_INFORMATION_FORMAT = "dwarf-with-dsym";
				DEVELOPMENT_TEAM = F67CP85VVA;
				GENERATE_INFOPLIST_FILE = YES;
				INFOPLIST_FILE = BuildFoundation/Info.plist;
				INFOPLIST_KEY_NSLocationAlwaysAndWhenInUseUsageDescription = "Need to always update notify the Trip";
				INFOPLIST_KEY_NSLocationAlwaysUsageDescription = "Need to update notify the Trip";
				INFOPLIST_KEY_NSLocationWhenInUseUsageDescription = "Need to notify the Trip";
				INFOPLIST_KEY_UIApplicationSupportsIndirectInputEvents = YES;
				INFOPLIST_KEY_UILaunchStoryboardName = LaunchScreen;
				INFOPLIST_KEY_UIMainStoryboardFile = Main;
				INFOPLIST_KEY_UISupportedInterfaceOrientations_iPad = "UIInterfaceOrientationPortrait UIInterfaceOrientationPortraitUpsideDown UIInterfaceOrientationLandscapeLeft UIInterfaceOrientationLandscapeRight";
				INFOPLIST_KEY_UISupportedInterfaceOrientations_iPhone = "UIInterfaceOrientationPortrait UIInterfaceOrientationLandscapeLeft UIInterfaceOrientationLandscapeRight";
				LD_RUNPATH_SEARCH_PATHS = (
					"$(inherited)",
					"@executable_path/Frameworks",
				);
				MARKETING_VERSION = 1.0;
				PRODUCT_BUNDLE_IDENTIFIER = com.ismayil.BuildFoundation;
				PRODUCT_NAME = "$(TARGET_NAME)";
				SWIFT_EMIT_LOC_STRINGS = YES;
				SWIFT_VERSION = 5.0;
				TARGETED_DEVICE_FAMILY = "1,2";
			};
			name = Debug;
		};
		6F2EFB982973CD0E00FD5517 /* Release */ = {
			isa = XCBuildConfiguration;
			buildSettings = {
				ALWAYS_EMBED_SWIFT_STANDARD_LIBRARIES = YES;
				ASSETCATALOG_COMPILER_APPICON_NAME = AppIcon;
				ASSETCATALOG_COMPILER_GLOBAL_ACCENT_COLOR_NAME = AccentColor;
				CODE_SIGN_STYLE = Automatic;
				CURRENT_PROJECT_VERSION = 1;
				DEVELOPMENT_TEAM = F67CP85VVA;
				GENERATE_INFOPLIST_FILE = YES;
				INFOPLIST_FILE = BuildFoundation/Info.plist;
				INFOPLIST_KEY_NSLocationAlwaysAndWhenInUseUsageDescription = "Need to always update notify the Trip";
				INFOPLIST_KEY_NSLocationAlwaysUsageDescription = "Need to update notify the Trip";
				INFOPLIST_KEY_NSLocationWhenInUseUsageDescription = "Need to notify the Trip";
				INFOPLIST_KEY_UIApplicationSupportsIndirectInputEvents = YES;
				INFOPLIST_KEY_UILaunchStoryboardName = LaunchScreen;
				INFOPLIST_KEY_UIMainStoryboardFile = Main;
				INFOPLIST_KEY_UISupportedInterfaceOrientations_iPad = "UIInterfaceOrientationPortrait UIInterfaceOrientationPortraitUpsideDown UIInterfaceOrientationLandscapeLeft UIInterfaceOrientationLandscapeRight";
				INFOPLIST_KEY_UISupportedInterfaceOrientations_iPhone = "UIInterfaceOrientationPortrait UIInterfaceOrientationLandscapeLeft UIInterfaceOrientationLandscapeRight";
				LD_RUNPATH_SEARCH_PATHS = (
					"$(inherited)",
					"@executable_path/Frameworks",
				);
				MARKETING_VERSION = 1.0;
				PRODUCT_BUNDLE_IDENTIFIER = com.ismayil.BuildFoundation;
				PRODUCT_NAME = "$(TARGET_NAME)";
				SWIFT_EMIT_LOC_STRINGS = YES;
				SWIFT_VERSION = 5.0;
				TARGETED_DEVICE_FAMILY = "1,2";
			};
			name = Release;
		};
		6F2EFB9A2973CD0E00FD5517 /* Debug */ = {
			isa = XCBuildConfiguration;
			buildSettings = {
				ALWAYS_EMBED_SWIFT_STANDARD_LIBRARIES = YES;
				BUNDLE_LOADER = "$(TEST_HOST)";
				CODE_SIGN_STYLE = Automatic;
				CURRENT_PROJECT_VERSION = 1;
				DEVELOPMENT_TEAM = F67CP85VVA;
				GENERATE_INFOPLIST_FILE = YES;
				IPHONEOS_DEPLOYMENT_TARGET = 16.2;
				MARKETING_VERSION = 1.0;
				PRODUCT_BUNDLE_IDENTIFIER = com.ismayil.BuildFoundationTests;
				PRODUCT_NAME = "$(TARGET_NAME)";
				SWIFT_EMIT_LOC_STRINGS = NO;
				SWIFT_VERSION = 5.0;
				TARGETED_DEVICE_FAMILY = "1,2";
				TEST_HOST = "$(BUILT_PRODUCTS_DIR)/BuildFoundation.app/$(BUNDLE_EXECUTABLE_FOLDER_PATH)/BuildFoundation";
			};
			name = Debug;
		};
		6F2EFB9B2973CD0E00FD5517 /* Release */ = {
			isa = XCBuildConfiguration;
			buildSettings = {
				ALWAYS_EMBED_SWIFT_STANDARD_LIBRARIES = YES;
				BUNDLE_LOADER = "$(TEST_HOST)";
				CODE_SIGN_STYLE = Automatic;
				CURRENT_PROJECT_VERSION = 1;
				DEVELOPMENT_TEAM = F67CP85VVA;
				GENERATE_INFOPLIST_FILE = YES;
				IPHONEOS_DEPLOYMENT_TARGET = 16.2;
				MARKETING_VERSION = 1.0;
				PRODUCT_BUNDLE_IDENTIFIER = com.ismayil.BuildFoundationTests;
				PRODUCT_NAME = "$(TARGET_NAME)";
				SWIFT_EMIT_LOC_STRINGS = NO;
				SWIFT_VERSION = 5.0;
				TARGETED_DEVICE_FAMILY = "1,2";
				TEST_HOST = "$(BUILT_PRODUCTS_DIR)/BuildFoundation.app/$(BUNDLE_EXECUTABLE_FOLDER_PATH)/BuildFoundation";
			};
			name = Release;
		};
		6F2EFB9D2973CD0E00FD5517 /* Debug */ = {
			isa = XCBuildConfiguration;
			buildSettings = {
				ALWAYS_EMBED_SWIFT_STANDARD_LIBRARIES = YES;
				CODE_SIGN_STYLE = Automatic;
				CURRENT_PROJECT_VERSION = 1;
				DEVELOPMENT_TEAM = F67CP85VVA;
				GENERATE_INFOPLIST_FILE = YES;
				MARKETING_VERSION = 1.0;
				PRODUCT_BUNDLE_IDENTIFIER = com.ismayil.BuildFoundationUITests;
				PRODUCT_NAME = "$(TARGET_NAME)";
				SWIFT_EMIT_LOC_STRINGS = NO;
				SWIFT_VERSION = 5.0;
				TARGETED_DEVICE_FAMILY = "1,2";
				TEST_TARGET_NAME = BuildFoundation;
			};
			name = Debug;
		};
		6F2EFB9E2973CD0E00FD5517 /* Release */ = {
			isa = XCBuildConfiguration;
			buildSettings = {
				ALWAYS_EMBED_SWIFT_STANDARD_LIBRARIES = YES;
				CODE_SIGN_STYLE = Automatic;
				CURRENT_PROJECT_VERSION = 1;
				DEVELOPMENT_TEAM = F67CP85VVA;
				GENERATE_INFOPLIST_FILE = YES;
				MARKETING_VERSION = 1.0;
				PRODUCT_BUNDLE_IDENTIFIER = com.ismayil.BuildFoundationUITests;
				PRODUCT_NAME = "$(TARGET_NAME)";
				SWIFT_EMIT_LOC_STRINGS = NO;
				SWIFT_VERSION = 5.0;
				TARGETED_DEVICE_FAMILY = "1,2";
				TEST_TARGET_NAME = BuildFoundation;
			};
			name = Release;
		};
		6FAB6BE22996AAF3009E0BB9 /* Debug */ = {
			isa = XCBuildConfiguration;
			buildSettings = {
				CODE_SIGN_STYLE = Automatic;
				CURRENT_PROJECT_VERSION = 1;
				DEVELOPMENT_TEAM = F67CP85VVA;
				GENERATE_INFOPLIST_FILE = YES;
				INFOPLIST_FILE = buildFoundationShareExtension/Info.plist;
				INFOPLIST_KEY_CFBundleDisplayName = buildFoundationShareExtension;
				INFOPLIST_KEY_NSHumanReadableCopyright = "";
				IPHONEOS_DEPLOYMENT_TARGET = 16.2;
				LD_RUNPATH_SEARCH_PATHS = (
					"$(inherited)",
					"@executable_path/Frameworks",
					"@executable_path/../../Frameworks",
				);
				MARKETING_VERSION = 1.0;
				PRODUCT_BUNDLE_IDENTIFIER = com.ismayil.BuildFoundation.buildFoundationShareExtension;
				PRODUCT_NAME = "$(TARGET_NAME)";
				SKIP_INSTALL = YES;
				SWIFT_EMIT_LOC_STRINGS = YES;
				SWIFT_VERSION = 5.0;
				TARGETED_DEVICE_FAMILY = "1,2";
			};
			name = Debug;
		};
		6FAB6BE32996AAF3009E0BB9 /* Release */ = {
			isa = XCBuildConfiguration;
			buildSettings = {
				CODE_SIGN_STYLE = Automatic;
				CURRENT_PROJECT_VERSION = 1;
				DEVELOPMENT_TEAM = F67CP85VVA;
				GENERATE_INFOPLIST_FILE = YES;
				INFOPLIST_FILE = buildFoundationShareExtension/Info.plist;
				INFOPLIST_KEY_CFBundleDisplayName = buildFoundationShareExtension;
				INFOPLIST_KEY_NSHumanReadableCopyright = "";
				IPHONEOS_DEPLOYMENT_TARGET = 16.2;
				LD_RUNPATH_SEARCH_PATHS = (
					"$(inherited)",
					"@executable_path/Frameworks",
					"@executable_path/../../Frameworks",
				);
				MARKETING_VERSION = 1.0;
				PRODUCT_BUNDLE_IDENTIFIER = com.ismayil.BuildFoundation.buildFoundationShareExtension;
				PRODUCT_NAME = "$(TARGET_NAME)";
				SKIP_INSTALL = YES;
				SWIFT_EMIT_LOC_STRINGS = YES;
				SWIFT_VERSION = 5.0;
				TARGETED_DEVICE_FAMILY = "1,2";
			};
			name = Release;
		};
/* End XCBuildConfiguration section */

/* Begin XCConfigurationList section */
		6F2EFB642973CD0D00FD5517 /* Build configuration list for PBXProject "BuildFoundation" */ = {
			isa = XCConfigurationList;
			buildConfigurations = (
				6F2EFB942973CD0E00FD5517 /* Debug */,
				6F2EFB952973CD0E00FD5517 /* Release */,
			);
			defaultConfigurationIsVisible = 0;
			defaultConfigurationName = Release;
		};
		6F2EFB962973CD0E00FD5517 /* Build configuration list for PBXNativeTarget "BuildFoundation" */ = {
			isa = XCConfigurationList;
			buildConfigurations = (
				6F2EFB972973CD0E00FD5517 /* Debug */,
				6F2EFB982973CD0E00FD5517 /* Release */,
			);
			defaultConfigurationIsVisible = 0;
			defaultConfigurationName = Release;
		};
		6F2EFB992973CD0E00FD5517 /* Build configuration list for PBXNativeTarget "BuildFoundationTests" */ = {
			isa = XCConfigurationList;
			buildConfigurations = (
				6F2EFB9A2973CD0E00FD5517 /* Debug */,
				6F2EFB9B2973CD0E00FD5517 /* Release */,
			);
			defaultConfigurationIsVisible = 0;
			defaultConfigurationName = Release;
		};
		6F2EFB9C2973CD0E00FD5517 /* Build configuration list for PBXNativeTarget "BuildFoundationUITests" */ = {
			isa = XCConfigurationList;
			buildConfigurations = (
				6F2EFB9D2973CD0E00FD5517 /* Debug */,
				6F2EFB9E2973CD0E00FD5517 /* Release */,
			);
			defaultConfigurationIsVisible = 0;
			defaultConfigurationName = Release;
		};
		6FAB6BE42996AAF3009E0BB9 /* Build configuration list for PBXNativeTarget "buildFoundationShareExtension" */ = {
			isa = XCConfigurationList;
			buildConfigurations = (
				6FAB6BE22996AAF3009E0BB9 /* Debug */,
				6FAB6BE32996AAF3009E0BB9 /* Release */,
			);
			defaultConfigurationIsVisible = 0;
			defaultConfigurationName = Release;
		};
/* End XCConfigurationList section */

/* Begin XCRemoteSwiftPackageReference section */
		6F812FFF29B26B8400988422 /* XCRemoteSwiftPackageReference "SimpleCustomUIComponentsSwift" */ = {
			isa = XCRemoteSwiftPackageReference;
			repositoryURL = "https://github.com/mohammedismayil/SimpleCustomUIComponentsSwift";
			requirement = {
				branch = main;
				kind = branch;
			};
		};
/* End XCRemoteSwiftPackageReference section */

/* Begin XCSwiftPackageProductDependency section */
		6F81300029B26B8400988422 /* SimpleCustomUIComponentsSwift */ = {
			isa = XCSwiftPackageProductDependency;
			package = 6F812FFF29B26B8400988422 /* XCRemoteSwiftPackageReference "SimpleCustomUIComponentsSwift" */;
			productName = SimpleCustomUIComponentsSwift;
		};
/* End XCSwiftPackageProductDependency section */

/* Begin XCVersionGroup section */
		6F2EFB752973CD0D00FD5517 /* BuildFoundation.xcdatamodeld */ = {
			isa = XCVersionGroup;
			children = (
				6F2EFB762973CD0D00FD5517 /* BuildFoundation.xcdatamodel */,
			);
			currentVersion = 6F2EFB762973CD0D00FD5517 /* BuildFoundation.xcdatamodel */;
			path = BuildFoundation.xcdatamodeld;
			sourceTree = "<group>";
			versionGroupType = wrapper.xcdatamodel;
		};
/* End XCVersionGroup section */
	};
	rootObject = 6F2EFB612973CD0D00FD5517 /* Project object */;
}
